
Microsoft Visual Studio Solution File, Format Version 12.00
# Visual Studio Version 16
VisualStudioVersion = 16.0.32510.428
MinimumVisualStudioVersion = 10.0.40219.1
Project("{FAE04EC0-301F-11D3-BF4B-00C04F79EFBC}") = "KiemTra_NguyenTruongGiang_1911061755", "KiemTra_NguyenTruongGiang_1911061755\KiemTra_NguyenTruongGiang_1911061755.csproj", "{4A3743A3-153E-4A8E-BA49-2018E76A8C01}"
EndProject
Global
	GlobalSection(SolutionConfigurationPlatforms) = preSolution
		Debug|Any CPU = Debug|Any CPU
		Release|Any CPU = Release|Any CPU
	EndGlobalSection
	GlobalSection(ProjectConfigurationPlatforms) = postSolution
		{4A3743A3-153E-4A8E-BA49-2018E76A8C01}.Debug|Any CPU.ActiveCfg = Debug|Any CPU
		{4A3743A3-153E-4A8E-BA49-2018E76A8C01}.Debug|Any CPU.Build.0 = Debug|Any CPU
		{4A3743A3-153E-4A8E-BA49-2018E76A8C01}.Release|Any CPU.ActiveCfg = Release|Any CPU
		{4A3743A3-153E-4A8E-BA49-2018E76A8C01}.Release|Any CPU.Build.0 = Release|Any CPU
	EndGlobalSection
	GlobalSection(SolutionProperties) = preSolution
		HideSolutionNode = FALSE
	EndGlobalSection
	GlobalSection(ExtensibilityGlobals) = postSolution
		SolutionGuid = {311615EC-FCD5-49AB-BBB1-FA0DA91AAF45}
	EndGlobalSection
EndGlobal
